
Microsoft Visual Studio Solution File, Format Version 12.00
# Visual Studio Version 17
VisualStudioVersion = 17.3.32929.385
MinimumVisualStudioVersion = 10.0.40219.1
Project("{FAE04EC0-301F-11D3-BF4B-00C04F79EFBC}") = "BoardGame1", "BoardGame1\BoardGame1.csproj", "{E2389D66-3343-40C0-8B60-830CBB33A7EC}"
EndProject
Global
	GlobalSection(SolutionConfigurationPlatforms) = preSolution
		Debug|Any CPU = Debug|Any CPU
		Release|Any CPU = Release|Any CPU
	EndGlobalSection
	GlobalSection(ProjectConfigurationPlatforms) = postSolution
		{E2389D66-3343-40C0-8B60-830CBB33A7EC}.Debug|Any CPU.ActiveCfg = Debug|Any CPU
		{E2389D66-3343-40C0-8B60-830CBB33A7EC}.Debug|Any CPU.Build.0 = Debug|Any CPU
		{E2389D66-3343-40C0-8B60-830CBB33A7EC}.Release|Any CPU.ActiveCfg = Release|Any CPU
		{E2389D66-3343-40C0-8B60-830CBB33A7EC}.Release|Any CPU.Build.0 = Release|Any CPU
	EndGlobalSection
	GlobalSection(SolutionProperties) = preSolution
		HideSolutionNode = FALSE
	EndGlobalSection
	GlobalSection(ExtensibilityGlobals) = postSolution
		SolutionGuid = {2435846D-F8A2-40DC-B4DF-DF6C1F4112BA}
	EndGlobalSection
EndGlobal
